
Microsoft Visual Studio Solution File, Format Version 12.00
# Visual Studio 14
VisualStudioVersion = 14.0.25123.0
MinimumVisualStudioVersion = 10.0.40219.1
Project("{8BC9CEB8-8B4A-11D0-8D11-00A0C91BC942}") = "Client", "Client\Client.vcxproj", "{7F9E206B-71FC-460C-8610-2EF88535F3E9}"
EndProject
Project("{8BC9CEB8-8B4A-11D0-8D11-00A0C91BC942}") = "Server", "Server\Server.vcxproj", "{847D06B8-8208-4884-813F-7B9738B099A3}"
EndProject
Project("{F184B08F-C81C-45F6-A57F-5ABD9991F28F}") = "Launcher", "Launcher\Launcher.vbproj", "{ACB4A56F-BAEA-4660-ADE4-A1C2BB08F81B}"
EndProject
Project("{54435603-DBB4-11D2-8724-00A0C9A8B90C}") = "LauncherInstaller", "LauncherInstaller\LauncherInstaller.vdproj", "{172B233F-D644-4880-808B-19425FB1A3D2}"
EndProject
Global
	GlobalSection(SolutionConfigurationPlatforms) = preSolution
		Debug|Any CPU = Debug|Any CPU
		Debug|x64 = Debug|x64
		Debug|x86 = Debug|x86
		Release|Any CPU = Release|Any CPU
		Release|x64 = Release|x64
		Release|x86 = Release|x86
	EndGlobalSection
	GlobalSection(ProjectConfigurationPlatforms) = postSolution
		{7F9E206B-71FC-460C-8610-2EF88535F3E9}.Debug|Any CPU.ActiveCfg = Debug|Win32
		{7F9E206B-71FC-460C-8610-2EF88535F3E9}.Debug|x64.ActiveCfg = Debug|x64
		{7F9E206B-71FC-460C-8610-2EF88535F3E9}.Debug|x64.Build.0 = Debug|x64
		{7F9E206B-71FC-460C-8610-2EF88535F3E9}.Debug|x86.ActiveCfg = Debug|Win32
		{7F9E206B-71FC-460C-8610-2EF88535F3E9}.Debug|x86.Build.0 = Debug|Win32
		{7F9E206B-71FC-460C-8610-2EF88535F3E9}.Release|Any CPU.ActiveCfg = Release|Win32
		{7F9E206B-71FC-460C-8610-2EF88535F3E9}.Release|x64.ActiveCfg = Release|x64
		{7F9E206B-71FC-460C-8610-2EF88535F3E9}.Release|x64.Build.0 = Release|x64
		{7F9E206B-71FC-460C-8610-2EF88535F3E9}.Release|x86.ActiveCfg = Release|Win32
		{7F9E206B-71FC-460C-8610-2EF88535F3E9}.Release|x86.Build.0 = Release|Win32
		{847D06B8-8208-4884-813F-7B9738B099A3}.Debug|Any CPU.ActiveCfg = Debug|Win32
		{847D06B8-8208-4884-813F-7B9738B099A3}.Debug|x64.ActiveCfg = Debug|x64
		{847D06B8-8208-4884-813F-7B9738B099A3}.Debug|x64.Build.0 = Debug|x64
		{847D06B8-8208-4884-813F-7B9738B099A3}.Debug|x86.ActiveCfg = Debug|Win32
		{847D06B8-8208-4884-813F-7B9738B099A3}.Debug|x86.Build.0 = Debug|Win32
		{847D06B8-8208-4884-813F-7B9738B099A3}.Release|Any CPU.ActiveCfg = Release|Win32
		{847D06B8-8208-4884-813F-7B9738B099A3}.Release|x64.ActiveCfg = Release|x64
		{847D06B8-8208-4884-813F-7B9738B099A3}.Release|x64.Build.0 = Release|x64
		{847D06B8-8208-4884-813F-7B9738B099A3}.Release|x86.ActiveCfg = Release|Win32
		{847D06B8-8208-4884-813F-7B9738B099A3}.Release|x86.Build.0 = Release|Win32
		{ACB4A56F-BAEA-4660-ADE4-A1C2BB08F81B}.Debug|Any CPU.ActiveCfg = Debug|Any CPU
		{ACB4A56F-BAEA-4660-ADE4-A1C2BB08F81B}.Debug|Any CPU.Build.0 = Debug|Any CPU
		{ACB4A56F-BAEA-4660-ADE4-A1C2BB08F81B}.Debug|x64.ActiveCfg = Debug|Any CPU
		{ACB4A56F-BAEA-4660-ADE4-A1C2BB08F81B}.Debug|x64.Build.0 = Debug|Any CPU
		{ACB4A56F-BAEA-4660-ADE4-A1C2BB08F81B}.Debug|x86.ActiveCfg = Debug|Any CPU
		{ACB4A56F-BAEA-4660-ADE4-A1C2BB08F81B}.Debug|x86.Build.0 = Debug|Any CPU
		{ACB4A56F-BAEA-4660-ADE4-A1C2BB08F81B}.Release|Any CPU.ActiveCfg = Release|Any CPU
		{ACB4A56F-BAEA-4660-ADE4-A1C2BB08F81B}.Release|Any CPU.Build.0 = Release|Any CPU
		{ACB4A56F-BAEA-4660-ADE4-A1C2BB08F81B}.Release|x64.ActiveCfg = Release|Any CPU
		{ACB4A56F-BAEA-4660-ADE4-A1C2BB08F81B}.Release|x64.Build.0 = Release|Any CPU
		{ACB4A56F-BAEA-4660-ADE4-A1C2BB08F81B}.Release|x86.ActiveCfg = Release|Any CPU
		{ACB4A56F-BAEA-4660-ADE4-A1C2BB08F81B}.Release|x86.Build.0 = Release|Any CPU
		{172B233F-D644-4880-808B-19425FB1A3D2}.Debug|Any CPU.ActiveCfg = Debug
		{172B233F-D644-4880-808B-19425FB1A3D2}.Debug|x64.ActiveCfg = Debug
		{172B233F-D644-4880-808B-19425FB1A3D2}.Debug|x86.ActiveCfg = Debug
		{172B233F-D644-4880-808B-19425FB1A3D2}.Release|Any CPU.ActiveCfg = Release
		{172B233F-D644-4880-808B-19425FB1A3D2}.Release|x64.ActiveCfg = Release
		{172B233F-D644-4880-808B-19425FB1A3D2}.Release|x86.ActiveCfg = Release
	EndGlobalSection
	GlobalSection(SolutionProperties) = preSolution
		HideSolutionNode = FALSE
	EndGlobalSection
EndGlobal
